
Microsoft Visual Studio Solution File, Format Version 12.00
# Visual Studio 15
VisualStudioVersion = 15.0.28307.168
MinimumVisualStudioVersion = 10.0.40219.1
Project("{FAE04EC0-301F-11D3-BF4B-00C04F79EFBC}") = "Ex01", "..\..\..\..\..\Downloads\PEOO_2019-master\Lista17\Ex01\Ex01.csproj", "{AE122B20-D61C-469C-9B73-4AF74AECE7CA}"
EndProject
Project("{FAE04EC0-301F-11D3-BF4B-00C04F79EFBC}") = "Ex02", "Ex02\Ex02.csproj", "{DA08D40E-90CB-46DC-BF1F-5DD27CBA9688}"
EndProject
Global
	GlobalSection(SolutionConfigurationPlatforms) = preSolution
		Debug|Any CPU = Debug|Any CPU
		Debug|ARM = Debug|ARM
		Debug|ARM64 = Debug|ARM64
		Debug|x64 = Debug|x64
		Debug|x86 = Debug|x86
		Release|Any CPU = Release|Any CPU
		Release|ARM = Release|ARM
		Release|ARM64 = Release|ARM64
		Release|x64 = Release|x64
		Release|x86 = Release|x86
	EndGlobalSection
	GlobalSection(ProjectConfigurationPlatforms) = postSolution
		{AE122B20-D61C-469C-9B73-4AF74AECE7CA}.Debug|Any CPU.ActiveCfg = Debug|Any CPU
		{AE122B20-D61C-469C-9B73-4AF74AECE7CA}.Debug|Any CPU.Build.0 = Debug|Any CPU
		{AE122B20-D61C-469C-9B73-4AF74AECE7CA}.Debug|ARM.ActiveCfg = Debug|Any CPU
		{AE122B20-D61C-469C-9B73-4AF74AECE7CA}.Debug|ARM.Build.0 = Debug|Any CPU
		{AE122B20-D61C-469C-9B73-4AF74AECE7CA}.Debug|ARM64.ActiveCfg = Debug|Any CPU
		{AE122B20-D61C-469C-9B73-4AF74AECE7CA}.Debug|ARM64.Build.0 = Debug|Any CPU
		{AE122B20-D61C-469C-9B73-4AF74AECE7CA}.Debug|x64.ActiveCfg = Debug|Any CPU
		{AE122B20-D61C-469C-9B73-4AF74AECE7CA}.Debug|x64.Build.0 = Debug|Any CPU
		{AE122B20-D61C-469C-9B73-4AF74AECE7CA}.Debug|x86.ActiveCfg = Debug|Any CPU
		{AE122B20-D61C-469C-9B73-4AF74AECE7CA}.Debug|x86.Build.0 = Debug|Any CPU
		{AE122B20-D61C-469C-9B73-4AF74AECE7CA}.Release|Any CPU.ActiveCfg = Release|Any CPU
		{AE122B20-D61C-469C-9B73-4AF74AECE7CA}.Release|Any CPU.Build.0 = Release|Any CPU
		{AE122B20-D61C-469C-9B73-4AF74AECE7CA}.Release|ARM.ActiveCfg = Release|Any CPU
		{AE122B20-D61C-469C-9B73-4AF74AECE7CA}.Release|ARM.Build.0 = Release|Any CPU
		{AE122B20-D61C-469C-9B73-4AF74AECE7CA}.Release|ARM64.ActiveCfg = Release|Any CPU
		{AE122B20-D61C-469C-9B73-4AF74AECE7CA}.Release|ARM64.Build.0 = Release|Any CPU
		{AE122B20-D61C-469C-9B73-4AF74AECE7CA}.Release|x64.ActiveCfg = Release|Any CPU
		{AE122B20-D61C-469C-9B73-4AF74AECE7CA}.Release|x64.Build.0 = Release|Any CPU
		{AE122B20-D61C-469C-9B73-4AF74AECE7CA}.Release|x86.ActiveCfg = Release|Any CPU
		{AE122B20-D61C-469C-9B73-4AF74AECE7CA}.Release|x86.Build.0 = Release|Any CPU
		{DA08D40E-90CB-46DC-BF1F-5DD27CBA9688}.Debug|Any CPU.ActiveCfg = Debug|Any CPU
		{DA08D40E-90CB-46DC-BF1F-5DD27CBA9688}.Debug|Any CPU.Build.0 = Debug|Any CPU
		{DA08D40E-90CB-46DC-BF1F-5DD27CBA9688}.Debug|ARM.ActiveCfg = Debug|Any CPU
		{DA08D40E-90CB-46DC-BF1F-5DD27CBA9688}.Debug|ARM.Build.0 = Debug|Any CPU
		{DA08D40E-90CB-46DC-BF1F-5DD27CBA9688}.Debug|ARM64.ActiveCfg = Debug|Any CPU
		{DA08D40E-90CB-46DC-BF1F-5DD27CBA9688}.Debug|ARM64.Build.0 = Debug|Any CPU
		{DA08D40E-90CB-46DC-BF1F-5DD27CBA9688}.Debug|x64.ActiveCfg = Debug|Any CPU
		{DA08D40E-90CB-46DC-BF1F-5DD27CBA9688}.Debug|x64.Build.0 = Debug|Any CPU
		{DA08D40E-90CB-46DC-BF1F-5DD27CBA9688}.Debug|x86.ActiveCfg = Debug|Any CPU
		{DA08D40E-90CB-46DC-BF1F-5DD27CBA9688}.Debug|x86.Build.0 = Debug|Any CPU
		{DA08D40E-90CB-46DC-BF1F-5DD27CBA9688}.Release|Any CPU.ActiveCfg = Release|Any CPU
		{DA08D40E-90CB-46DC-BF1F-5DD27CBA9688}.Release|Any CPU.Build.0 = Release|Any CPU
		{DA08D40E-90CB-46DC-BF1F-5DD27CBA9688}.Release|ARM.ActiveCfg = Release|Any CPU
		{DA08D40E-90CB-46DC-BF1F-5DD27CBA9688}.Release|ARM.Build.0 = Release|Any CPU
		{DA08D40E-90CB-46DC-BF1F-5DD27CBA9688}.Release|ARM64.ActiveCfg = Release|Any CPU
		{DA08D40E-90CB-46DC-BF1F-5DD27CBA9688}.Release|ARM64.Build.0 = Release|Any CPU
		{DA08D40E-90CB-46DC-BF1F-5DD27CBA9688}.Release|x64.ActiveCfg = Release|Any CPU
		{DA08D40E-90CB-46DC-BF1F-5DD27CBA9688}.Release|x64.Build.0 = Release|Any CPU
		{DA08D40E-90CB-46DC-BF1F-5DD27CBA9688}.Release|x86.ActiveCfg = Release|Any CPU
		{DA08D40E-90CB-46DC-BF1F-5DD27CBA9688}.Release|x86.Build.0 = Release|Any CPU
	EndGlobalSection
	GlobalSection(SolutionProperties) = preSolution
		HideSolutionNode = FALSE
	EndGlobalSection
	GlobalSection(ExtensibilityGlobals) = postSolution
		SolutionGuid = {9BE4485A-DED6-42E7-93A0-48E29DFB4A17}
	EndGlobalSection
EndGlobal
