
Microsoft Visual Studio Solution File, Format Version 12.00
# Visual Studio 15
VisualStudioVersion = 15.0.28307.168
MinimumVisualStudioVersion = 10.0.40219.1
Project("{FAE04EC0-301F-11D3-BF4B-00C04F79EFBC}") = "Exer01", "Exer01\Exer01.csproj", "{DEB82854-AC68-4825-9BDA-72CECFDBE723}"
EndProject
Project("{FAE04EC0-301F-11D3-BF4B-00C04F79EFBC}") = "Exer02", "Exer02\Exer02.csproj", "{DBFB6E6A-72BD-4124-9B74-B4017FA6E93C}"
EndProject
Project("{FAE04EC0-301F-11D3-BF4B-00C04F79EFBC}") = "Exer03", "Exer03\Exer03.csproj", "{1534F94D-5CEA-4CAC-8330-25F9AB3D8CFB}"
EndProject
Project("{FAE04EC0-301F-11D3-BF4B-00C04F79EFBC}") = "Exer04", "Exer04\Exer04.csproj", "{EC24F79B-EDC5-464E-A94B-E84D11306FA4}"
EndProject
Project("{FAE04EC0-301F-11D3-BF4B-00C04F79EFBC}") = "Exer05", "Exer05\Exer05.csproj", "{C163FDA8-6176-4847-92E3-25F28FA7526C}"
EndProject
Project("{FAE04EC0-301F-11D3-BF4B-00C04F79EFBC}") = "Exer07", "Exer07\Exer07.csproj", "{BC2F15FB-BC7C-44A3-A3F3-B1597A7E0313}"
EndProject
Project("{FAE04EC0-301F-11D3-BF4B-00C04F79EFBC}") = "Exer08", "Exer08\Exer08.csproj", "{8F4B75C1-472B-487D-8F67-B2EA0D9A0C57}"
EndProject
Global
	GlobalSection(SolutionConfigurationPlatforms) = preSolution
		Debug|Any CPU = Debug|Any CPU
		Debug|ARM = Debug|ARM
		Debug|ARM64 = Debug|ARM64
		Debug|x64 = Debug|x64
		Debug|x86 = Debug|x86
		Release|Any CPU = Release|Any CPU
		Release|ARM = Release|ARM
		Release|ARM64 = Release|ARM64
		Release|x64 = Release|x64
		Release|x86 = Release|x86
	EndGlobalSection
	GlobalSection(ProjectConfigurationPlatforms) = postSolution
		{DEB82854-AC68-4825-9BDA-72CECFDBE723}.Debug|Any CPU.ActiveCfg = Debug|Any CPU
		{DEB82854-AC68-4825-9BDA-72CECFDBE723}.Debug|Any CPU.Build.0 = Debug|Any CPU
		{DEB82854-AC68-4825-9BDA-72CECFDBE723}.Debug|ARM.ActiveCfg = Debug|Any CPU
		{DEB82854-AC68-4825-9BDA-72CECFDBE723}.Debug|ARM.Build.0 = Debug|Any CPU
		{DEB82854-AC68-4825-9BDA-72CECFDBE723}.Debug|ARM64.ActiveCfg = Debug|Any CPU
		{DEB82854-AC68-4825-9BDA-72CECFDBE723}.Debug|ARM64.Build.0 = Debug|Any CPU
		{DEB82854-AC68-4825-9BDA-72CECFDBE723}.Debug|x64.ActiveCfg = Debug|Any CPU
		{DEB82854-AC68-4825-9BDA-72CECFDBE723}.Debug|x64.Build.0 = Debug|Any CPU
		{DEB82854-AC68-4825-9BDA-72CECFDBE723}.Debug|x86.ActiveCfg = Debug|Any CPU
		{DEB82854-AC68-4825-9BDA-72CECFDBE723}.Debug|x86.Build.0 = Debug|Any CPU
		{DEB82854-AC68-4825-9BDA-72CECFDBE723}.Release|Any CPU.ActiveCfg = Release|Any CPU
		{DEB82854-AC68-4825-9BDA-72CECFDBE723}.Release|Any CPU.Build.0 = Release|Any CPU
		{DEB82854-AC68-4825-9BDA-72CECFDBE723}.Release|ARM.ActiveCfg = Release|Any CPU
		{DEB82854-AC68-4825-9BDA-72CECFDBE723}.Release|ARM.Build.0 = Release|Any CPU
		{DEB82854-AC68-4825-9BDA-72CECFDBE723}.Release|ARM64.ActiveCfg = Release|Any CPU
		{DEB82854-AC68-4825-9BDA-72CECFDBE723}.Release|ARM64.Build.0 = Release|Any CPU
		{DEB82854-AC68-4825-9BDA-72CECFDBE723}.Release|x64.ActiveCfg = Release|Any CPU
		{DEB82854-AC68-4825-9BDA-72CECFDBE723}.Release|x64.Build.0 = Release|Any CPU
		{DEB82854-AC68-4825-9BDA-72CECFDBE723}.Release|x86.ActiveCfg = Release|Any CPU
		{DEB82854-AC68-4825-9BDA-72CECFDBE723}.Release|x86.Build.0 = Release|Any CPU
		{DBFB6E6A-72BD-4124-9B74-B4017FA6E93C}.Debug|Any CPU.ActiveCfg = Debug|Any CPU
		{DBFB6E6A-72BD-4124-9B74-B4017FA6E93C}.Debug|Any CPU.Build.0 = Debug|Any CPU
		{DBFB6E6A-72BD-4124-9B74-B4017FA6E93C}.Debug|ARM.ActiveCfg = Debug|Any CPU
		{DBFB6E6A-72BD-4124-9B74-B4017FA6E93C}.Debug|ARM.Build.0 = Debug|Any CPU
		{DBFB6E6A-72BD-4124-9B74-B4017FA6E93C}.Debug|ARM64.ActiveCfg = Debug|Any CPU
		{DBFB6E6A-72BD-4124-9B74-B4017FA6E93C}.Debug|ARM64.Build.0 = Debug|Any CPU
		{DBFB6E6A-72BD-4124-9B74-B4017FA6E93C}.Debug|x64.ActiveCfg = Debug|Any CPU
		{DBFB6E6A-72BD-4124-9B74-B4017FA6E93C}.Debug|x64.Build.0 = Debug|Any CPU
		{DBFB6E6A-72BD-4124-9B74-B4017FA6E93C}.Debug|x86.ActiveCfg = Debug|Any CPU
		{DBFB6E6A-72BD-4124-9B74-B4017FA6E93C}.Debug|x86.Build.0 = Debug|Any CPU
		{DBFB6E6A-72BD-4124-9B74-B4017FA6E93C}.Release|Any CPU.ActiveCfg = Release|Any CPU
		{DBFB6E6A-72BD-4124-9B74-B4017FA6E93C}.Release|Any CPU.Build.0 = Release|Any CPU
		{DBFB6E6A-72BD-4124-9B74-B4017FA6E93C}.Release|ARM.ActiveCfg = Release|Any CPU
		{DBFB6E6A-72BD-4124-9B74-B4017FA6E93C}.Release|ARM.Build.0 = Release|Any CPU
		{DBFB6E6A-72BD-4124-9B74-B4017FA6E93C}.Release|ARM64.ActiveCfg = Release|Any CPU
		{DBFB6E6A-72BD-4124-9B74-B4017FA6E93C}.Release|ARM64.Build.0 = Release|Any CPU
		{DBFB6E6A-72BD-4124-9B74-B4017FA6E93C}.Release|x64.ActiveCfg = Release|Any CPU
		{DBFB6E6A-72BD-4124-9B74-B4017FA6E93C}.Release|x64.Build.0 = Release|Any CPU
		{DBFB6E6A-72BD-4124-9B74-B4017FA6E93C}.Release|x86.ActiveCfg = Release|Any CPU
		{DBFB6E6A-72BD-4124-9B74-B4017FA6E93C}.Release|x86.Build.0 = Release|Any CPU
		{1534F94D-5CEA-4CAC-8330-25F9AB3D8CFB}.Debug|Any CPU.ActiveCfg = Debug|Any CPU
		{1534F94D-5CEA-4CAC-8330-25F9AB3D8CFB}.Debug|Any CPU.Build.0 = Debug|Any CPU
		{1534F94D-5CEA-4CAC-8330-25F9AB3D8CFB}.Debug|ARM.ActiveCfg = Debug|Any CPU
		{1534F94D-5CEA-4CAC-8330-25F9AB3D8CFB}.Debug|ARM.Build.0 = Debug|Any CPU
		{1534F94D-5CEA-4CAC-8330-25F9AB3D8CFB}.Debug|ARM64.ActiveCfg = Debug|Any CPU
		{1534F94D-5CEA-4CAC-8330-25F9AB3D8CFB}.Debug|ARM64.Build.0 = Debug|Any CPU
		{1534F94D-5CEA-4CAC-8330-25F9AB3D8CFB}.Debug|x64.ActiveCfg = Debug|Any CPU
		{1534F94D-5CEA-4CAC-8330-25F9AB3D8CFB}.Debug|x64.Build.0 = Debug|Any CPU
		{1534F94D-5CEA-4CAC-8330-25F9AB3D8CFB}.Debug|x86.ActiveCfg = Debug|Any CPU
		{1534F94D-5CEA-4CAC-8330-25F9AB3D8CFB}.Debug|x86.Build.0 = Debug|Any CPU
		{1534F94D-5CEA-4CAC-8330-25F9AB3D8CFB}.Release|Any CPU.ActiveCfg = Release|Any CPU
		{1534F94D-5CEA-4CAC-8330-25F9AB3D8CFB}.Release|Any CPU.Build.0 = Release|Any CPU
		{1534F94D-5CEA-4CAC-8330-25F9AB3D8CFB}.Release|ARM.ActiveCfg = Release|Any CPU
		{1534F94D-5CEA-4CAC-8330-25F9AB3D8CFB}.Release|ARM.Build.0 = Release|Any CPU
		{1534F94D-5CEA-4CAC-8330-25F9AB3D8CFB}.Release|ARM64.ActiveCfg = Release|Any CPU
		{1534F94D-5CEA-4CAC-8330-25F9AB3D8CFB}.Release|ARM64.Build.0 = Release|Any CPU
		{1534F94D-5CEA-4CAC-8330-25F9AB3D8CFB}.Release|x64.ActiveCfg = Release|Any CPU
		{1534F94D-5CEA-4CAC-8330-25F9AB3D8CFB}.Release|x64.Build.0 = Release|Any CPU
		{1534F94D-5CEA-4CAC-8330-25F9AB3D8CFB}.Release|x86.ActiveCfg = Release|Any CPU
		{1534F94D-5CEA-4CAC-8330-25F9AB3D8CFB}.Release|x86.Build.0 = Release|Any CPU
		{EC24F79B-EDC5-464E-A94B-E84D11306FA4}.Debug|Any CPU.ActiveCfg = Debug|Any CPU
		{EC24F79B-EDC5-464E-A94B-E84D11306FA4}.Debug|Any CPU.Build.0 = Debug|Any CPU
		{EC24F79B-EDC5-464E-A94B-E84D11306FA4}.Debug|ARM.ActiveCfg = Debug|Any CPU
		{EC24F79B-EDC5-464E-A94B-E84D11306FA4}.Debug|ARM.Build.0 = Debug|Any CPU
		{EC24F79B-EDC5-464E-A94B-E84D11306FA4}.Debug|ARM64.ActiveCfg = Debug|Any CPU
		{EC24F79B-EDC5-464E-A94B-E84D11306FA4}.Debug|ARM64.Build.0 = Debug|Any CPU
		{EC24F79B-EDC5-464E-A94B-E84D11306FA4}.Debug|x64.ActiveCfg = Debug|Any CPU
		{EC24F79B-EDC5-464E-A94B-E84D11306FA4}.Debug|x64.Build.0 = Debug|Any CPU
		{EC24F79B-EDC5-464E-A94B-E84D11306FA4}.Debug|x86.ActiveCfg = Debug|Any CPU
		{EC24F79B-EDC5-464E-A94B-E84D11306FA4}.Debug|x86.Build.0 = Debug|Any CPU
		{EC24F79B-EDC5-464E-A94B-E84D11306FA4}.Release|Any CPU.ActiveCfg = Release|Any CPU
		{EC24F79B-EDC5-464E-A94B-E84D11306FA4}.Release|Any CPU.Build.0 = Release|Any CPU
		{EC24F79B-EDC5-464E-A94B-E84D11306FA4}.Release|ARM.ActiveCfg = Release|Any CPU
		{EC24F79B-EDC5-464E-A94B-E84D11306FA4}.Release|ARM.Build.0 = Release|Any CPU
		{EC24F79B-EDC5-464E-A94B-E84D11306FA4}.Release|ARM64.ActiveCfg = Release|Any CPU
		{EC24F79B-EDC5-464E-A94B-E84D11306FA4}.Release|ARM64.Build.0 = Release|Any CPU
		{EC24F79B-EDC5-464E-A94B-E84D11306FA4}.Release|x64.ActiveCfg = Release|Any CPU
		{EC24F79B-EDC5-464E-A94B-E84D11306FA4}.Release|x64.Build.0 = Release|Any CPU
		{EC24F79B-EDC5-464E-A94B-E84D11306FA4}.Release|x86.ActiveCfg = Release|Any CPU
		{EC24F79B-EDC5-464E-A94B-E84D11306FA4}.Release|x86.Build.0 = Release|Any CPU
		{C163FDA8-6176-4847-92E3-25F28FA7526C}.Debug|Any CPU.ActiveCfg = Debug|Any CPU
		{C163FDA8-6176-4847-92E3-25F28FA7526C}.Debug|Any CPU.Build.0 = Debug|Any CPU
		{C163FDA8-6176-4847-92E3-25F28FA7526C}.Debug|ARM.ActiveCfg = Debug|Any CPU
		{C163FDA8-6176-4847-92E3-25F28FA7526C}.Debug|ARM.Build.0 = Debug|Any CPU
		{C163FDA8-6176-4847-92E3-25F28FA7526C}.Debug|ARM64.ActiveCfg = Debug|Any CPU
		{C163FDA8-6176-4847-92E3-25F28FA7526C}.Debug|ARM64.Build.0 = Debug|Any CPU
		{C163FDA8-6176-4847-92E3-25F28FA7526C}.Debug|x64.ActiveCfg = Debug|Any CPU
		{C163FDA8-6176-4847-92E3-25F28FA7526C}.Debug|x64.Build.0 = Debug|Any CPU
		{C163FDA8-6176-4847-92E3-25F28FA7526C}.Debug|x86.ActiveCfg = Debug|Any CPU
		{C163FDA8-6176-4847-92E3-25F28FA7526C}.Debug|x86.Build.0 = Debug|Any CPU
		{C163FDA8-6176-4847-92E3-25F28FA7526C}.Release|Any CPU.ActiveCfg = Release|Any CPU
		{C163FDA8-6176-4847-92E3-25F28FA7526C}.Release|Any CPU.Build.0 = Release|Any CPU
		{C163FDA8-6176-4847-92E3-25F28FA7526C}.Release|ARM.ActiveCfg = Release|Any CPU
		{C163FDA8-6176-4847-92E3-25F28FA7526C}.Release|ARM.Build.0 = Release|Any CPU
		{C163FDA8-6176-4847-92E3-25F28FA7526C}.Release|ARM64.ActiveCfg = Release|Any CPU
		{C163FDA8-6176-4847-92E3-25F28FA7526C}.Release|ARM64.Build.0 = Release|Any CPU
		{C163FDA8-6176-4847-92E3-25F28FA7526C}.Release|x64.ActiveCfg = Release|Any CPU
		{C163FDA8-6176-4847-92E3-25F28FA7526C}.Release|x64.Build.0 = Release|Any CPU
		{C163FDA8-6176-4847-92E3-25F28FA7526C}.Release|x86.ActiveCfg = Release|Any CPU
		{C163FDA8-6176-4847-92E3-25F28FA7526C}.Release|x86.Build.0 = Release|Any CPU
		{BC2F15FB-BC7C-44A3-A3F3-B1597A7E0313}.Debug|Any CPU.ActiveCfg = Debug|Any CPU
		{BC2F15FB-BC7C-44A3-A3F3-B1597A7E0313}.Debug|Any CPU.Build.0 = Debug|Any CPU
		{BC2F15FB-BC7C-44A3-A3F3-B1597A7E0313}.Debug|ARM.ActiveCfg = Debug|Any CPU
		{BC2F15FB-BC7C-44A3-A3F3-B1597A7E0313}.Debug|ARM.Build.0 = Debug|Any CPU
		{BC2F15FB-BC7C-44A3-A3F3-B1597A7E0313}.Debug|ARM64.ActiveCfg = Debug|Any CPU
		{BC2F15FB-BC7C-44A3-A3F3-B1597A7E0313}.Debug|ARM64.Build.0 = Debug|Any CPU
		{BC2F15FB-BC7C-44A3-A3F3-B1597A7E0313}.Debug|x64.ActiveCfg = Debug|Any CPU
		{BC2F15FB-BC7C-44A3-A3F3-B1597A7E0313}.Debug|x64.Build.0 = Debug|Any CPU
		{BC2F15FB-BC7C-44A3-A3F3-B1597A7E0313}.Debug|x86.ActiveCfg = Debug|Any CPU
		{BC2F15FB-BC7C-44A3-A3F3-B1597A7E0313}.Debug|x86.Build.0 = Debug|Any CPU
		{BC2F15FB-BC7C-44A3-A3F3-B1597A7E0313}.Release|Any CPU.ActiveCfg = Release|Any CPU
		{BC2F15FB-BC7C-44A3-A3F3-B1597A7E0313}.Release|Any CPU.Build.0 = Release|Any CPU
		{BC2F15FB-BC7C-44A3-A3F3-B1597A7E0313}.Release|ARM.ActiveCfg = Release|Any CPU
		{BC2F15FB-BC7C-44A3-A3F3-B1597A7E0313}.Release|ARM.Build.0 = Release|Any CPU
		{BC2F15FB-BC7C-44A3-A3F3-B1597A7E0313}.Release|ARM64.ActiveCfg = Release|Any CPU
		{BC2F15FB-BC7C-44A3-A3F3-B1597A7E0313}.Release|ARM64.Build.0 = Release|Any CPU
		{BC2F15FB-BC7C-44A3-A3F3-B1597A7E0313}.Release|x64.ActiveCfg = Release|Any CPU
		{BC2F15FB-BC7C-44A3-A3F3-B1597A7E0313}.Release|x64.Build.0 = Release|Any CPU
		{BC2F15FB-BC7C-44A3-A3F3-B1597A7E0313}.Release|x86.ActiveCfg = Release|Any CPU
		{BC2F15FB-BC7C-44A3-A3F3-B1597A7E0313}.Release|x86.Build.0 = Release|Any CPU
		{8F4B75C1-472B-487D-8F67-B2EA0D9A0C57}.Debug|Any CPU.ActiveCfg = Debug|Any CPU
		{8F4B75C1-472B-487D-8F67-B2EA0D9A0C57}.Debug|Any CPU.Build.0 = Debug|Any CPU
		{8F4B75C1-472B-487D-8F67-B2EA0D9A0C57}.Debug|ARM.ActiveCfg = Debug|Any CPU
		{8F4B75C1-472B-487D-8F67-B2EA0D9A0C57}.Debug|ARM.Build.0 = Debug|Any CPU
		{8F4B75C1-472B-487D-8F67-B2EA0D9A0C57}.Debug|ARM64.ActiveCfg = Debug|Any CPU
		{8F4B75C1-472B-487D-8F67-B2EA0D9A0C57}.Debug|ARM64.Build.0 = Debug|Any CPU
		{8F4B75C1-472B-487D-8F67-B2EA0D9A0C57}.Debug|x64.ActiveCfg = Debug|Any CPU
		{8F4B75C1-472B-487D-8F67-B2EA0D9A0C57}.Debug|x64.Build.0 = Debug|Any CPU
		{8F4B75C1-472B-487D-8F67-B2EA0D9A0C57}.Debug|x86.ActiveCfg = Debug|Any CPU
		{8F4B75C1-472B-487D-8F67-B2EA0D9A0C57}.Debug|x86.Build.0 = Debug|Any CPU
		{8F4B75C1-472B-487D-8F67-B2EA0D9A0C57}.Release|Any CPU.ActiveCfg = Release|Any CPU
		{8F4B75C1-472B-487D-8F67-B2EA0D9A0C57}.Release|Any CPU.Build.0 = Release|Any CPU
		{8F4B75C1-472B-487D-8F67-B2EA0D9A0C57}.Release|ARM.ActiveCfg = Release|Any CPU
		{8F4B75C1-472B-487D-8F67-B2EA0D9A0C57}.Release|ARM.Build.0 = Release|Any CPU
		{8F4B75C1-472B-487D-8F67-B2EA0D9A0C57}.Release|ARM64.ActiveCfg = Release|Any CPU
		{8F4B75C1-472B-487D-8F67-B2EA0D9A0C57}.Release|ARM64.Build.0 = Release|Any CPU
		{8F4B75C1-472B-487D-8F67-B2EA0D9A0C57}.Release|x64.ActiveCfg = Release|Any CPU
		{8F4B75C1-472B-487D-8F67-B2EA0D9A0C57}.Release|x64.Build.0 = Release|Any CPU
		{8F4B75C1-472B-487D-8F67-B2EA0D9A0C57}.Release|x86.ActiveCfg = Release|Any CPU
		{8F4B75C1-472B-487D-8F67-B2EA0D9A0C57}.Release|x86.Build.0 = Release|Any CPU
	EndGlobalSection
	GlobalSection(SolutionProperties) = preSolution
		HideSolutionNode = FALSE
	EndGlobalSection
	GlobalSection(ExtensibilityGlobals) = postSolution
		SolutionGuid = {73464FAA-50E9-4A6E-A2CF-AD49586C9DB0}
	EndGlobalSection
EndGlobal
